<?xml version="1.0" encoding="UTF-8"?>
<CodeBlocks_project_file>
	<FileVersion major="1" minor="6"/>
	<Project>
		<Option title="SatRot_Main"/>
		<Option makefile_is_custom="1"/>
		<Option compiler="gcc"/>
		<Option virtualFolders="CMake Files\;CMake Files\..\;CMake Files\..\..\;CMake Files\..\..\..\;CMake Files\..\..\..\..\;CMake Files\..\..\..\..\..\;CMake Files\..\..\..\..\..\..\;CMake Files\..\..\..\..\..\..\..\;CMake Files\..\..\..\..\..\..\..\..\;CMake Files\..\..\..\..\..\..\..\..\..\;CMake Files\..\..\..\..\..\..\..\..\..\..\;CMake Files\..\..\..\..\..\..\..\..\..\..\opt\;CMake Files\..\..\..\..\..\..\..\..\..\..\opt\Qt5.14.1\;CMake Files\..\..\..\..\..\..\..\..\..\..\opt\Qt5.14.1\5.14.1\;CMake Files\..\..\..\..\..\..\..\..\..\..\opt\Qt5.14.1\5.14.1\gcc_64\;CMake Files\..\..\..\..\..\..\..\..\..\..\opt\Qt5.14.1\5.14.1\gcc_64\lib\;CMake Files\..\..\..\..\..\..\..\..\..\..\opt\Qt5.14.1\5.14.1\gcc_64\lib\cmake\;CMake Files\..\..\..\..\..\..\..\..\..\..\opt\Qt5.14.1\5.14.1\gcc_64\lib\cmake\Qt5\;CMake Files\..\..\..\..\..\..\..\..\..\..\opt\Qt5.14.1\5.14.1\gcc_64\lib\cmake\Qt5Widgets\;CMake Files\..\..\..\..\..\..\..\..\..\..\opt\Qt5.14.1\5.14.1\gcc_64\lib\cmake\Qt5Gui\;CMake Files\..\..\..\..\..\..\..\..\..\..\opt\Qt5.14.1\5.14.1\gcc_64\lib\cmake\Qt5Core\;CMake Files\..\..\..\..\..\..\..\..\..\..\opt\Qt5.14.1\5.14.1\gcc_64\lib\cmake\Qt5LinguistTools\;"/>
		<Build>
			<Target title="all">
				<Option working_dir="/home/ahmad/Documents/UofG/Semester 2/Real Time Embedded Programming/satRot/Software/SatRot/build-SatRot_Main-Desktop_Qt_5_14_1_GCC_64bit-Debug"/>
				<Option type="4"/>
				<MakeCommands>
					<Build command="/usr/bin/ninja -v all"/>
					<CompileFile command="/usr/bin/ninja -v &quot;$file&quot;"/>
					<Clean command="/usr/bin/ninja -v clean"/>
					<DistClean command="/usr/bin/ninja -v clean"/>
				</MakeCommands>
			</Target>
			<Target title="rebuild_cache">
				<Option working_dir="/home/ahmad/Documents/UofG/Semester 2/Real Time Embedded Programming/satRot/Software/SatRot/build-SatRot_Main-Desktop_Qt_5_14_1_GCC_64bit-Debug"/>
				<Option type="4"/>
				<MakeCommands>
					<Build command="/usr/bin/ninja -v rebuild_cache"/>
					<CompileFile command="/usr/bin/ninja -v &quot;$file&quot;"/>
					<Clean command="/usr/bin/ninja -v clean"/>
					<DistClean command="/usr/bin/ninja -v clean"/>
				</MakeCommands>
			</Target>
			<Target title="SatRot_Main">
				<Option output="/home/ahmad/Documents/UofG/Semester 2/Real Time Embedded Programming/satRot/Software/SatRot/build-SatRot_Main-Desktop_Qt_5_14_1_GCC_64bit-Debug/SatRot_Main" prefix_auto="0" extension_auto="0"/>
				<Option working_dir="/home/ahmad/Documents/UofG/Semester 2/Real Time Embedded Programming/satRot/Software/SatRot/build-SatRot_Main-Desktop_Qt_5_14_1_GCC_64bit-Debug"/>
				<Option object_output="./"/>
				<Option type="1"/>
				<Option compiler="gcc"/>
				<Compiler>
					<Add option="-DQT_WIDGETS_LIB"/>
					<Add option="-DQT_GUI_LIB"/>
					<Add option="-DQT_CORE_LIB"/>
					<Add directory="/home/ahmad/Documents/UofG/Semester 2/Real Time Embedded Programming/satRot/Software/SatRot/build-SatRot_Main-Desktop_Qt_5_14_1_GCC_64bit-Debug"/>
					<Add directory="/home/ahmad/Documents/UofG/Semester 2/Real Time Embedded Programming/satRot/Software/SatRot/SatRot_Main"/>
					<Add directory="/home/ahmad/Documents/UofG/Semester 2/Real Time Embedded Programming/satRot/Software/SatRot/build-SatRot_Main-Desktop_Qt_5_14_1_GCC_64bit-Debug/SatRot_Main_autogen/include"/>
					<Add directory="/opt/Qt5.14.1/5.14.1/gcc_64/include"/>
					<Add directory="/opt/Qt5.14.1/5.14.1/gcc_64/include/QtWidgets"/>
					<Add directory="/opt/Qt5.14.1/5.14.1/gcc_64/include/QtGui"/>
					<Add directory="/opt/Qt5.14.1/5.14.1/gcc_64/include/QtCore"/>
					<Add directory="/opt/Qt5.14.1/5.14.1/gcc_64/./mkspecs/linux-g++"/>
					<Add directory="/usr/include/c++/9"/>
					<Add directory="/usr/include/x86_64-linux-gnu/c++/9"/>
					<Add directory="/usr/include/c++/9/backward"/>
					<Add directory="/usr/lib/gcc/x86_64-linux-gnu/9/include"/>
					<Add directory="/usr/local/include"/>
					<Add directory="/usr/lib/gcc/x86_64-linux-gnu/9/include-fixed"/>
					<Add directory="/usr/include/x86_64-linux-gnu"/>
					<Add directory="/usr/include"/>
				</Compiler>
				<MakeCommands>
					<Build command="/usr/bin/ninja -v SatRot_Main"/>
					<CompileFile command="/usr/bin/ninja -v &quot;$file&quot;"/>
					<Clean command="/usr/bin/ninja -v clean"/>
					<DistClean command="/usr/bin/ninja -v clean"/>
				</MakeCommands>
			</Target>
			<Target title="SatRot_Main/fast">
				<Option output="/home/ahmad/Documents/UofG/Semester 2/Real Time Embedded Programming/satRot/Software/SatRot/build-SatRot_Main-Desktop_Qt_5_14_1_GCC_64bit-Debug/SatRot_Main" prefix_auto="0" extension_auto="0"/>
				<Option working_dir="/home/ahmad/Documents/UofG/Semester 2/Real Time Embedded Programming/satRot/Software/SatRot/build-SatRot_Main-Desktop_Qt_5_14_1_GCC_64bit-Debug"/>
				<Option object_output="./"/>
				<Option type="1"/>
				<Option compiler="gcc"/>
				<Compiler>
					<Add option="-DQT_WIDGETS_LIB"/>
					<Add option="-DQT_GUI_LIB"/>
					<Add option="-DQT_CORE_LIB"/>
					<Add directory="/home/ahmad/Documents/UofG/Semester 2/Real Time Embedded Programming/satRot/Software/SatRot/build-SatRot_Main-Desktop_Qt_5_14_1_GCC_64bit-Debug"/>
					<Add directory="/home/ahmad/Documents/UofG/Semester 2/Real Time Embedded Programming/satRot/Software/SatRot/SatRot_Main"/>
					<Add directory="/home/ahmad/Documents/UofG/Semester 2/Real Time Embedded Programming/satRot/Software/SatRot/build-SatRot_Main-Desktop_Qt_5_14_1_GCC_64bit-Debug/SatRot_Main_autogen/include"/>
					<Add directory="/opt/Qt5.14.1/5.14.1/gcc_64/include"/>
					<Add directory="/opt/Qt5.14.1/5.14.1/gcc_64/include/QtWidgets"/>
					<Add directory="/opt/Qt5.14.1/5.14.1/gcc_64/include/QtGui"/>
					<Add directory="/opt/Qt5.14.1/5.14.1/gcc_64/include/QtCore"/>
					<Add directory="/opt/Qt5.14.1/5.14.1/gcc_64/./mkspecs/linux-g++"/>
					<Add directory="/usr/include/c++/9"/>
					<Add directory="/usr/include/x86_64-linux-gnu/c++/9"/>
					<Add directory="/usr/include/c++/9/backward"/>
					<Add directory="/usr/lib/gcc/x86_64-linux-gnu/9/include"/>
					<Add directory="/usr/local/include"/>
					<Add directory="/usr/lib/gcc/x86_64-linux-gnu/9/include-fixed"/>
					<Add directory="/usr/include/x86_64-linux-gnu"/>
					<Add directory="/usr/include"/>
				</Compiler>
				<MakeCommands>
					<Build command="/usr/bin/ninja -v SatRot_Main/fast"/>
					<CompileFile command="/usr/bin/ninja -v &quot;$file&quot;"/>
					<Clean command="/usr/bin/ninja -v clean"/>
					<DistClean command="/usr/bin/ninja -v clean"/>
				</MakeCommands>
			</Target>
			<Target title="edit_cache">
				<Option working_dir="/home/ahmad/Documents/UofG/Semester 2/Real Time Embedded Programming/satRot/Software/SatRot/build-SatRot_Main-Desktop_Qt_5_14_1_GCC_64bit-Debug"/>
				<Option type="4"/>
				<MakeCommands>
					<Build command="/usr/bin/ninja -v edit_cache"/>
					<CompileFile command="/usr/bin/ninja -v &quot;$file&quot;"/>
					<Clean command="/usr/bin/ninja -v clean"/>
					<DistClean command="/usr/bin/ninja -v clean"/>
				</MakeCommands>
			</Target>
			<Target title="SatRot_Main_autogen">
				<Option working_dir="/home/ahmad/Documents/UofG/Semester 2/Real Time Embedded Programming/satRot/Software/SatRot/build-SatRot_Main-Desktop_Qt_5_14_1_GCC_64bit-Debug"/>
				<Option type="4"/>
				<MakeCommands>
					<Build command="/usr/bin/ninja -v SatRot_Main_autogen"/>
					<CompileFile command="/usr/bin/ninja -v &quot;$file&quot;"/>
					<Clean command="/usr/bin/ninja -v clean"/>
					<DistClean command="/usr/bin/ninja -v clean"/>
				</MakeCommands>
			</Target>
		</Build>
		<Unit filename="/home/ahmad/Documents/UofG/Semester 2/Real Time Embedded Programming/satRot/Software/SatRot/SatRot_Main/SatRot_Main_en_GB.ts">
			<Option target="SatRot_Main"/>
		</Unit>
		<Unit filename="/home/ahmad/Documents/UofG/Semester 2/Real Time Embedded Programming/satRot/Software/SatRot/SatRot_Main/SatRot_Main_en_GB.ts.rule">
			<Option target="SatRot_Main"/>
		</Unit>
		<Unit filename="/home/ahmad/Documents/UofG/Semester 2/Real Time Embedded Programming/satRot/Software/SatRot/SatRot_Main/main.cpp">
			<Option target="SatRot_Main"/>
		</Unit>
		<Unit filename="/home/ahmad/Documents/UofG/Semester 2/Real Time Embedded Programming/satRot/Software/SatRot/SatRot_Main/mainwindow.cpp">
			<Option target="SatRot_Main"/>
		</Unit>
		<Unit filename="/home/ahmad/Documents/UofG/Semester 2/Real Time Embedded Programming/satRot/Software/SatRot/SatRot_Main/mainwindow.h">
			<Option target="SatRot_Main"/>
		</Unit>
		<Unit filename="/home/ahmad/Documents/UofG/Semester 2/Real Time Embedded Programming/satRot/Software/SatRot/SatRot_Main/mainwindow.ui">
			<Option target="SatRot_Main"/>
		</Unit>
		<Unit filename="/home/ahmad/Documents/UofG/Semester 2/Real Time Embedded Programming/satRot/Software/SatRot/build-SatRot_Main-Desktop_Qt_5_14_1_GCC_64bit-Debug/SatRot_Main_autogen/mocs_compilation.cpp">
			<Option target="SatRot_Main"/>
		</Unit>
		<Unit filename="/home/ahmad/Documents/UofG/Semester 2/Real Time Embedded Programming/satRot/Software/SatRot/SatRot_Main/CMakeLists.txt">
			<Option virtualFolder="CMake Files\"/>
		</Unit>
		<Unit filename="/home/ahmad/Documents/UofG/Semester 2/Real Time Embedded Programming/satRot/Software/SatRot/SatRot_Main/../../../../../../../../../../opt/Qt5.14.1/5.14.1/gcc_64/lib/cmake/Qt5/Qt5Config.cmake">
			<Option virtualFolder="CMake Files\..\..\..\..\..\..\..\..\..\..\opt\Qt5.14.1\5.14.1\gcc_64\lib\cmake\Qt5\"/>
		</Unit>
		<Unit filename="/home/ahmad/Documents/UofG/Semester 2/Real Time Embedded Programming/satRot/Software/SatRot/SatRot_Main/../../../../../../../../../../opt/Qt5.14.1/5.14.1/gcc_64/lib/cmake/Qt5/Qt5ConfigVersion.cmake">
			<Option virtualFolder="CMake Files\..\..\..\..\..\..\..\..\..\..\opt\Qt5.14.1\5.14.1\gcc_64\lib\cmake\Qt5\"/>
		</Unit>
		<Unit filename="/home/ahmad/Documents/UofG/Semester 2/Real Time Embedded Programming/satRot/Software/SatRot/SatRot_Main/../../../../../../../../../../opt/Qt5.14.1/5.14.1/gcc_64/lib/cmake/Qt5/Qt5ModuleLocation.cmake">
			<Option virtualFolder="CMake Files\..\..\..\..\..\..\..\..\..\..\opt\Qt5.14.1\5.14.1\gcc_64\lib\cmake\Qt5\"/>
		</Unit>
		<Unit filename="/home/ahmad/Documents/UofG/Semester 2/Real Time Embedded Programming/satRot/Software/SatRot/SatRot_Main/../../../../../../../../../../opt/Qt5.14.1/5.14.1/gcc_64/lib/cmake/Qt5Widgets/Qt5WidgetsConfig.cmake">
			<Option virtualFolder="CMake Files\..\..\..\..\..\..\..\..\..\..\opt\Qt5.14.1\5.14.1\gcc_64\lib\cmake\Qt5Widgets\"/>
		</Unit>
		<Unit filename="/home/ahmad/Documents/UofG/Semester 2/Real Time Embedded Programming/satRot/Software/SatRot/SatRot_Main/../../../../../../../../../../opt/Qt5.14.1/5.14.1/gcc_64/lib/cmake/Qt5Widgets/Qt5WidgetsConfigExtras.cmake">
			<Option virtualFolder="CMake Files\..\..\..\..\..\..\..\..\..\..\opt\Qt5.14.1\5.14.1\gcc_64\lib\cmake\Qt5Widgets\"/>
		</Unit>
		<Unit filename="/home/ahmad/Documents/UofG/Semester 2/Real Time Embedded Programming/satRot/Software/SatRot/SatRot_Main/../../../../../../../../../../opt/Qt5.14.1/5.14.1/gcc_64/lib/cmake/Qt5Widgets/Qt5WidgetsConfigVersion.cmake">
			<Option virtualFolder="CMake Files\..\..\..\..\..\..\..\..\..\..\opt\Qt5.14.1\5.14.1\gcc_64\lib\cmake\Qt5Widgets\"/>
		</Unit>
		<Unit filename="/home/ahmad/Documents/UofG/Semester 2/Real Time Embedded Programming/satRot/Software/SatRot/SatRot_Main/../../../../../../../../../../opt/Qt5.14.1/5.14.1/gcc_64/lib/cmake/Qt5Widgets/Qt5WidgetsMacros.cmake">
			<Option virtualFolder="CMake Files\..\..\..\..\..\..\..\..\..\..\opt\Qt5.14.1\5.14.1\gcc_64\lib\cmake\Qt5Widgets\"/>
		</Unit>
		<Unit filename="/home/ahmad/Documents/UofG/Semester 2/Real Time Embedded Programming/satRot/Software/SatRot/SatRot_Main/../../../../../../../../../../opt/Qt5.14.1/5.14.1/gcc_64/lib/cmake/Qt5Gui/Qt5GuiConfig.cmake">
			<Option virtualFolder="CMake Files\..\..\..\..\..\..\..\..\..\..\opt\Qt5.14.1\5.14.1\gcc_64\lib\cmake\Qt5Gui\"/>
		</Unit>
		<Unit filename="/home/ahmad/Documents/UofG/Semester 2/Real Time Embedded Programming/satRot/Software/SatRot/SatRot_Main/../../../../../../../../../../opt/Qt5.14.1/5.14.1/gcc_64/lib/cmake/Qt5Gui/Qt5GuiConfigExtras.cmake">
			<Option virtualFolder="CMake Files\..\..\..\..\..\..\..\..\..\..\opt\Qt5.14.1\5.14.1\gcc_64\lib\cmake\Qt5Gui\"/>
		</Unit>
		<Unit filename="/home/ahmad/Documents/UofG/Semester 2/Real Time Embedded Programming/satRot/Software/SatRot/SatRot_Main/../../../../../../../../../../opt/Qt5.14.1/5.14.1/gcc_64/lib/cmake/Qt5Gui/Qt5GuiConfigVersion.cmake">
			<Option virtualFolder="CMake Files\..\..\..\..\..\..\..\..\..\..\opt\Qt5.14.1\5.14.1\gcc_64\lib\cmake\Qt5Gui\"/>
		</Unit>
		<Unit filename="/home/ahmad/Documents/UofG/Semester 2/Real Time Embedded Programming/satRot/Software/SatRot/SatRot_Main/../../../../../../../../../../opt/Qt5.14.1/5.14.1/gcc_64/lib/cmake/Qt5Gui/Qt5Gui_QComposePlatformInputContextPlugin.cmake">
			<Option virtualFolder="CMake Files\..\..\..\..\..\..\..\..\..\..\opt\Qt5.14.1\5.14.1\gcc_64\lib\cmake\Qt5Gui\"/>
		</Unit>
		<Unit filename="/home/ahmad/Documents/UofG/Semester 2/Real Time Embedded Programming/satRot/Software/SatRot/SatRot_Main/../../../../../../../../../../opt/Qt5.14.1/5.14.1/gcc_64/lib/cmake/Qt5Gui/Qt5Gui_QEglFSEmulatorIntegrationPlugin.cmake">
			<Option virtualFolder="CMake Files\..\..\..\..\..\..\..\..\..\..\opt\Qt5.14.1\5.14.1\gcc_64\lib\cmake\Qt5Gui\"/>
		</Unit>
		<Unit filename="/home/ahmad/Documents/UofG/Semester 2/Real Time Embedded Programming/satRot/Software/SatRot/SatRot_Main/../../../../../../../../../../opt/Qt5.14.1/5.14.1/gcc_64/lib/cmake/Qt5Gui/Qt5Gui_QEglFSIntegrationPlugin.cmake">
			<Option virtualFolder="CMake Files\..\..\..\..\..\..\..\..\..\..\opt\Qt5.14.1\5.14.1\gcc_64\lib\cmake\Qt5Gui\"/>
		</Unit>
		<Unit filename="/home/ahmad/Documents/UofG/Semester 2/Real Time Embedded Programming/satRot/Software/SatRot/SatRot_Main/../../../../../../../../../../opt/Qt5.14.1/5.14.1/gcc_64/lib/cmake/Qt5Gui/Qt5Gui_QEglFSKmsEglDeviceIntegrationPlugin.cmake">
			<Option virtualFolder="CMake Files\..\..\..\..\..\..\..\..\..\..\opt\Qt5.14.1\5.14.1\gcc_64\lib\cmake\Qt5Gui\"/>
		</Unit>
		<Unit filename="/home/ahmad/Documents/UofG/Semester 2/Real Time Embedded Programming/satRot/Software/SatRot/SatRot_Main/../../../../../../../../../../opt/Qt5.14.1/5.14.1/gcc_64/lib/cmake/Qt5Gui/Qt5Gui_QEglFSX11IntegrationPlugin.cmake">
			<Option virtualFolder="CMake Files\..\..\..\..\..\..\..\..\..\..\opt\Qt5.14.1\5.14.1\gcc_64\lib\cmake\Qt5Gui\"/>
		</Unit>
		<Unit filename="/home/ahmad/Documents/UofG/Semester 2/Real Time Embedded Programming/satRot/Software/SatRot/SatRot_Main/../../../../../../../../../../opt/Qt5.14.1/5.14.1/gcc_64/lib/cmake/Qt5Gui/Qt5Gui_QEvdevKeyboardPlugin.cmake">
			<Option virtualFolder="CMake Files\..\..\..\..\..\..\..\..\..\..\opt\Qt5.14.1\5.14.1\gcc_64\lib\cmake\Qt5Gui\"/>
		</Unit>
		<Unit filename="/home/ahmad/Documents/UofG/Semester 2/Real Time Embedded Programming/satRot/Software/SatRot/SatRot_Main/../../../../../../../../../../opt/Qt5.14.1/5.14.1/gcc_64/lib/cmake/Qt5Gui/Qt5Gui_QEvdevMousePlugin.cmake">
			<Option virtualFolder="CMake Files\..\..\..\..\..\..\..\..\..\..\opt\Qt5.14.1\5.14.1\gcc_64\lib\cmake\Qt5Gui\"/>
		</Unit>
		<Unit filename="/home/ahmad/Documents/UofG/Semester 2/Real Time Embedded Programming/satRot/Software/SatRot/SatRot_Main/../../../../../../../../../../opt/Qt5.14.1/5.14.1/gcc_64/lib/cmake/Qt5Gui/Qt5Gui_QEvdevTabletPlugin.cmake">
			<Option virtualFolder="CMake Files\..\..\..\..\..\..\..\..\..\..\opt\Qt5.14.1\5.14.1\gcc_64\lib\cmake\Qt5Gui\"/>
		</Unit>
		<Unit filename="/home/ahmad/Documents/UofG/Semester 2/Real Time Embedded Programming/satRot/Software/SatRot/SatRot_Main/../../../../../../../../../../opt/Qt5.14.1/5.14.1/gcc_64/lib/cmake/Qt5Gui/Qt5Gui_QEvdevTouchScreenPlugin.cmake">
			<Option virtualFolder="CMake Files\..\..\..\..\..\..\..\..\..\..\opt\Qt5.14.1\5.14.1\gcc_64\lib\cmake\Qt5Gui\"/>
		</Unit>
		<Unit filename="/home/ahmad/Documents/UofG/Semester 2/Real Time Embedded Programming/satRot/Software/SatRot/SatRot_Main/../../../../../../../../../../opt/Qt5.14.1/5.14.1/gcc_64/lib/cmake/Qt5Gui/Qt5Gui_QGifPlugin.cmake">
			<Option virtualFolder="CMake Files\..\..\..\..\..\..\..\..\..\..\opt\Qt5.14.1\5.14.1\gcc_64\lib\cmake\Qt5Gui\"/>
		</Unit>
		<Unit filename="/home/ahmad/Documents/UofG/Semester 2/Real Time Embedded Programming/satRot/Software/SatRot/SatRot_Main/../../../../../../../../../../opt/Qt5.14.1/5.14.1/gcc_64/lib/cmake/Qt5Gui/Qt5Gui_QGtk3ThemePlugin.cmake">
			<Option virtualFolder="CMake Files\..\..\..\..\..\..\..\..\..\..\opt\Qt5.14.1\5.14.1\gcc_64\lib\cmake\Qt5Gui\"/>
		</Unit>
		<Unit filename="/home/ahmad/Documents/UofG/Semester 2/Real Time Embedded Programming/satRot/Software/SatRot/SatRot_Main/../../../../../../../../../../opt/Qt5.14.1/5.14.1/gcc_64/lib/cmake/Qt5Gui/Qt5Gui_QICNSPlugin.cmake">
			<Option virtualFolder="CMake Files\..\..\..\..\..\..\..\..\..\..\opt\Qt5.14.1\5.14.1\gcc_64\lib\cmake\Qt5Gui\"/>
		</Unit>
		<Unit filename="/home/ahmad/Documents/UofG/Semester 2/Real Time Embedded Programming/satRot/Software/SatRot/SatRot_Main/../../../../../../../../../../opt/Qt5.14.1/5.14.1/gcc_64/lib/cmake/Qt5Gui/Qt5Gui_QICOPlugin.cmake">
			<Option virtualFolder="CMake Files\..\..\..\..\..\..\..\..\..\..\opt\Qt5.14.1\5.14.1\gcc_64\lib\cmake\Qt5Gui\"/>
		</Unit>
		<Unit filename="/home/ahmad/Documents/UofG/Semester 2/Real Time Embedded Programming/satRot/Software/SatRot/SatRot_Main/../../../../../../../../../../opt/Qt5.14.1/5.14.1/gcc_64/lib/cmake/Qt5Gui/Qt5Gui_QIbusPlatformInputContextPlugin.cmake">
			<Option virtualFolder="CMake Files\..\..\..\..\..\..\..\..\..\..\opt\Qt5.14.1\5.14.1\gcc_64\lib\cmake\Qt5Gui\"/>
		</Unit>
		<Unit filename="/home/ahmad/Documents/UofG/Semester 2/Real Time Embedded Programming/satRot/Software/SatRot/SatRot_Main/../../../../../../../../../../opt/Qt5.14.1/5.14.1/gcc_64/lib/cmake/Qt5Gui/Qt5Gui_QJpegPlugin.cmake">
			<Option virtualFolder="CMake Files\..\..\..\..\..\..\..\..\..\..\opt\Qt5.14.1\5.14.1\gcc_64\lib\cmake\Qt5Gui\"/>
		</Unit>
		<Unit filename="/home/ahmad/Documents/UofG/Semester 2/Real Time Embedded Programming/satRot/Software/SatRot/SatRot_Main/../../../../../../../../../../opt/Qt5.14.1/5.14.1/gcc_64/lib/cmake/Qt5Gui/Qt5Gui_QLinuxFbIntegrationPlugin.cmake">
			<Option virtualFolder="CMake Files\..\..\..\..\..\..\..\..\..\..\opt\Qt5.14.1\5.14.1\gcc_64\lib\cmake\Qt5Gui\"/>
		</Unit>
		<Unit filename="/home/ahmad/Documents/UofG/Semester 2/Real Time Embedded Programming/satRot/Software/SatRot/SatRot_Main/../../../../../../../../../../opt/Qt5.14.1/5.14.1/gcc_64/lib/cmake/Qt5Gui/Qt5Gui_QMinimalEglIntegrationPlugin.cmake">
			<Option virtualFolder="CMake Files\..\..\..\..\..\..\..\..\..\..\opt\Qt5.14.1\5.14.1\gcc_64\lib\cmake\Qt5Gui\"/>
		</Unit>
		<Unit filename="/home/ahmad/Documents/UofG/Semester 2/Real Time Embedded Programming/satRot/Software/SatRot/SatRot_Main/../../../../../../../../../../opt/Qt5.14.1/5.14.1/gcc_64/lib/cmake/Qt5Gui/Qt5Gui_QMinimalIntegrationPlugin.cmake">
			<Option virtualFolder="CMake Files\..\..\..\..\..\..\..\..\..\..\opt\Qt5.14.1\5.14.1\gcc_64\lib\cmake\Qt5Gui\"/>
		</Unit>
		<Unit filename="/home/ahmad/Documents/UofG/Semester 2/Real Time Embedded Programming/satRot/Software/SatRot/SatRot_Main/../../../../../../../../../../opt/Qt5.14.1/5.14.1/gcc_64/lib/cmake/Qt5Gui/Qt5Gui_QOffscreenIntegrationPlugin.cmake">
			<Option virtualFolder="CMake Files\..\..\..\..\..\..\..\..\..\..\opt\Qt5.14.1\5.14.1\gcc_64\lib\cmake\Qt5Gui\"/>
		</Unit>
		<Unit filename="/home/ahmad/Documents/UofG/Semester 2/Real Time Embedded Programming/satRot/Software/SatRot/SatRot_Main/../../../../../../../../../../opt/Qt5.14.1/5.14.1/gcc_64/lib/cmake/Qt5Gui/Qt5Gui_QSvgIconPlugin.cmake">
			<Option virtualFolder="CMake Files\..\..\..\..\..\..\..\..\..\..\opt\Qt5.14.1\5.14.1\gcc_64\lib\cmake\Qt5Gui\"/>
		</Unit>
		<Unit filename="/home/ahmad/Documents/UofG/Semester 2/Real Time Embedded Programming/satRot/Software/SatRot/SatRot_Main/../../../../../../../../../../opt/Qt5.14.1/5.14.1/gcc_64/lib/cmake/Qt5Gui/Qt5Gui_QSvgPlugin.cmake">
			<Option virtualFolder="CMake Files\..\..\..\..\..\..\..\..\..\..\opt\Qt5.14.1\5.14.1\gcc_64\lib\cmake\Qt5Gui\"/>
		</Unit>
		<Unit filename="/home/ahmad/Documents/UofG/Semester 2/Real Time Embedded Programming/satRot/Software/SatRot/SatRot_Main/../../../../../../../../../../opt/Qt5.14.1/5.14.1/gcc_64/lib/cmake/Qt5Gui/Qt5Gui_QTgaPlugin.cmake">
			<Option virtualFolder="CMake Files\..\..\..\..\..\..\..\..\..\..\opt\Qt5.14.1\5.14.1\gcc_64\lib\cmake\Qt5Gui\"/>
		</Unit>
		<Unit filename="/home/ahmad/Documents/UofG/Semester 2/Real Time Embedded Programming/satRot/Software/SatRot/SatRot_Main/../../../../../../../../../../opt/Qt5.14.1/5.14.1/gcc_64/lib/cmake/Qt5Gui/Qt5Gui_QTiffPlugin.cmake">
			<Option virtualFolder="CMake Files\..\..\..\..\..\..\..\..\..\..\opt\Qt5.14.1\5.14.1\gcc_64\lib\cmake\Qt5Gui\"/>
		</Unit>
		<Unit filename="/home/ahmad/Documents/UofG/Semester 2/Real Time Embedded Programming/satRot/Software/SatRot/SatRot_Main/../../../../../../../../../../opt/Qt5.14.1/5.14.1/gcc_64/lib/cmake/Qt5Gui/Qt5Gui_QTuioTouchPlugin.cmake">
			<Option virtualFolder="CMake Files\..\..\..\..\..\..\..\..\..\..\opt\Qt5.14.1\5.14.1\gcc_64\lib\cmake\Qt5Gui\"/>
		</Unit>
		<Unit filename="/home/ahmad/Documents/UofG/Semester 2/Real Time Embedded Programming/satRot/Software/SatRot/SatRot_Main/../../../../../../../../../../opt/Qt5.14.1/5.14.1/gcc_64/lib/cmake/Qt5Gui/Qt5Gui_QVirtualKeyboardPlugin.cmake">
			<Option virtualFolder="CMake Files\..\..\..\..\..\..\..\..\..\..\opt\Qt5.14.1\5.14.1\gcc_64\lib\cmake\Qt5Gui\"/>
		</Unit>
		<Unit filename="/home/ahmad/Documents/UofG/Semester 2/Real Time Embedded Programming/satRot/Software/SatRot/SatRot_Main/../../../../../../../../../../opt/Qt5.14.1/5.14.1/gcc_64/lib/cmake/Qt5Gui/Qt5Gui_QVncIntegrationPlugin.cmake">
			<Option virtualFolder="CMake Files\..\..\..\..\..\..\..\..\..\..\opt\Qt5.14.1\5.14.1\gcc_64\lib\cmake\Qt5Gui\"/>
		</Unit>
		<Unit filename="/home/ahmad/Documents/UofG/Semester 2/Real Time Embedded Programming/satRot/Software/SatRot/SatRot_Main/../../../../../../../../../../opt/Qt5.14.1/5.14.1/gcc_64/lib/cmake/Qt5Gui/Qt5Gui_QWaylandEglPlatformIntegrationPlugin.cmake">
			<Option virtualFolder="CMake Files\..\..\..\..\..\..\..\..\..\..\opt\Qt5.14.1\5.14.1\gcc_64\lib\cmake\Qt5Gui\"/>
		</Unit>
		<Unit filename="/home/ahmad/Documents/UofG/Semester 2/Real Time Embedded Programming/satRot/Software/SatRot/SatRot_Main/../../../../../../../../../../opt/Qt5.14.1/5.14.1/gcc_64/lib/cmake/Qt5Gui/Qt5Gui_QWaylandIntegrationPlugin.cmake">
			<Option virtualFolder="CMake Files\..\..\..\..\..\..\..\..\..\..\opt\Qt5.14.1\5.14.1\gcc_64\lib\cmake\Qt5Gui\"/>
		</Unit>
		<Unit filename="/home/ahmad/Documents/UofG/Semester 2/Real Time Embedded Programming/satRot/Software/SatRot/SatRot_Main/../../../../../../../../../../opt/Qt5.14.1/5.14.1/gcc_64/lib/cmake/Qt5Gui/Qt5Gui_QWaylandXCompositeEglPlatformIntegrationPlugin.cmake">
			<Option virtualFolder="CMake Files\..\..\..\..\..\..\..\..\..\..\opt\Qt5.14.1\5.14.1\gcc_64\lib\cmake\Qt5Gui\"/>
		</Unit>
		<Unit filename="/home/ahmad/Documents/UofG/Semester 2/Real Time Embedded Programming/satRot/Software/SatRot/SatRot_Main/../../../../../../../../../../opt/Qt5.14.1/5.14.1/gcc_64/lib/cmake/Qt5Gui/Qt5Gui_QWaylandXCompositeGlxPlatformIntegrationPlugin.cmake">
			<Option virtualFolder="CMake Files\..\..\..\..\..\..\..\..\..\..\opt\Qt5.14.1\5.14.1\gcc_64\lib\cmake\Qt5Gui\"/>
		</Unit>
		<Unit filename="/home/ahmad/Documents/UofG/Semester 2/Real Time Embedded Programming/satRot/Software/SatRot/SatRot_Main/../../../../../../../../../../opt/Qt5.14.1/5.14.1/gcc_64/lib/cmake/Qt5Gui/Qt5Gui_QWbmpPlugin.cmake">
			<Option virtualFolder="CMake Files\..\..\..\..\..\..\..\..\..\..\opt\Qt5.14.1\5.14.1\gcc_64\lib\cmake\Qt5Gui\"/>
		</Unit>
		<Unit filename="/home/ahmad/Documents/UofG/Semester 2/Real Time Embedded Programming/satRot/Software/SatRot/SatRot_Main/../../../../../../../../../../opt/Qt5.14.1/5.14.1/gcc_64/lib/cmake/Qt5Gui/Qt5Gui_QWebGLIntegrationPlugin.cmake">
			<Option virtualFolder="CMake Files\..\..\..\..\..\..\..\..\..\..\opt\Qt5.14.1\5.14.1\gcc_64\lib\cmake\Qt5Gui\"/>
		</Unit>
		<Unit filename="/home/ahmad/Documents/UofG/Semester 2/Real Time Embedded Programming/satRot/Software/SatRot/SatRot_Main/../../../../../../../../../../opt/Qt5.14.1/5.14.1/gcc_64/lib/cmake/Qt5Gui/Qt5Gui_QWebpPlugin.cmake">
			<Option virtualFolder="CMake Files\..\..\..\..\..\..\..\..\..\..\opt\Qt5.14.1\5.14.1\gcc_64\lib\cmake\Qt5Gui\"/>
		</Unit>
		<Unit filename="/home/ahmad/Documents/UofG/Semester 2/Real Time Embedded Programming/satRot/Software/SatRot/SatRot_Main/../../../../../../../../../../opt/Qt5.14.1/5.14.1/gcc_64/lib/cmake/Qt5Gui/Qt5Gui_QXcbEglIntegrationPlugin.cmake">
			<Option virtualFolder="CMake Files\..\..\..\..\..\..\..\..\..\..\opt\Qt5.14.1\5.14.1\gcc_64\lib\cmake\Qt5Gui\"/>
		</Unit>
		<Unit filename="/home/ahmad/Documents/UofG/Semester 2/Real Time Embedded Programming/satRot/Software/SatRot/SatRot_Main/../../../../../../../../../../opt/Qt5.14.1/5.14.1/gcc_64/lib/cmake/Qt5Gui/Qt5Gui_QXcbGlxIntegrationPlugin.cmake">
			<Option virtualFolder="CMake Files\..\..\..\..\..\..\..\..\..\..\opt\Qt5.14.1\5.14.1\gcc_64\lib\cmake\Qt5Gui\"/>
		</Unit>
		<Unit filename="/home/ahmad/Documents/UofG/Semester 2/Real Time Embedded Programming/satRot/Software/SatRot/SatRot_Main/../../../../../../../../../../opt/Qt5.14.1/5.14.1/gcc_64/lib/cmake/Qt5Gui/Qt5Gui_QXcbIntegrationPlugin.cmake">
			<Option virtualFolder="CMake Files\..\..\..\..\..\..\..\..\..\..\opt\Qt5.14.1\5.14.1\gcc_64\lib\cmake\Qt5Gui\"/>
		</Unit>
		<Unit filename="/home/ahmad/Documents/UofG/Semester 2/Real Time Embedded Programming/satRot/Software/SatRot/SatRot_Main/../../../../../../../../../../opt/Qt5.14.1/5.14.1/gcc_64/lib/cmake/Qt5Gui/Qt5Gui_QXdgDesktopPortalThemePlugin.cmake">
			<Option virtualFolder="CMake Files\..\..\..\..\..\..\..\..\..\..\opt\Qt5.14.1\5.14.1\gcc_64\lib\cmake\Qt5Gui\"/>
		</Unit>
		<Unit filename="/home/ahmad/Documents/UofG/Semester 2/Real Time Embedded Programming/satRot/Software/SatRot/SatRot_Main/../../../../../../../../../../opt/Qt5.14.1/5.14.1/gcc_64/lib/cmake/Qt5Core/Qt5CoreConfig.cmake">
			<Option virtualFolder="CMake Files\..\..\..\..\..\..\..\..\..\..\opt\Qt5.14.1\5.14.1\gcc_64\lib\cmake\Qt5Core\"/>
		</Unit>
		<Unit filename="/home/ahmad/Documents/UofG/Semester 2/Real Time Embedded Programming/satRot/Software/SatRot/SatRot_Main/../../../../../../../../../../opt/Qt5.14.1/5.14.1/gcc_64/lib/cmake/Qt5Core/Qt5CoreConfigExtras.cmake">
			<Option virtualFolder="CMake Files\..\..\..\..\..\..\..\..\..\..\opt\Qt5.14.1\5.14.1\gcc_64\lib\cmake\Qt5Core\"/>
		</Unit>
		<Unit filename="/home/ahmad/Documents/UofG/Semester 2/Real Time Embedded Programming/satRot/Software/SatRot/SatRot_Main/../../../../../../../../../../opt/Qt5.14.1/5.14.1/gcc_64/lib/cmake/Qt5Core/Qt5CoreConfigExtrasMkspecDir.cmake">
			<Option virtualFolder="CMake Files\..\..\..\..\..\..\..\..\..\..\opt\Qt5.14.1\5.14.1\gcc_64\lib\cmake\Qt5Core\"/>
		</Unit>
		<Unit filename="/home/ahmad/Documents/UofG/Semester 2/Real Time Embedded Programming/satRot/Software/SatRot/SatRot_Main/../../../../../../../../../../opt/Qt5.14.1/5.14.1/gcc_64/lib/cmake/Qt5Core/Qt5CoreConfigVersion.cmake">
			<Option virtualFolder="CMake Files\..\..\..\..\..\..\..\..\..\..\opt\Qt5.14.1\5.14.1\gcc_64\lib\cmake\Qt5Core\"/>
		</Unit>
		<Unit filename="/home/ahmad/Documents/UofG/Semester 2/Real Time Embedded Programming/satRot/Software/SatRot/SatRot_Main/../../../../../../../../../../opt/Qt5.14.1/5.14.1/gcc_64/lib/cmake/Qt5Core/Qt5CoreMacros.cmake">
			<Option virtualFolder="CMake Files\..\..\..\..\..\..\..\..\..\..\opt\Qt5.14.1\5.14.1\gcc_64\lib\cmake\Qt5Core\"/>
		</Unit>
		<Unit filename="/home/ahmad/Documents/UofG/Semester 2/Real Time Embedded Programming/satRot/Software/SatRot/SatRot_Main/../../../../../../../../../../opt/Qt5.14.1/5.14.1/gcc_64/lib/cmake/Qt5LinguistTools/Qt5LinguistToolsConfig.cmake">
			<Option virtualFolder="CMake Files\..\..\..\..\..\..\..\..\..\..\opt\Qt5.14.1\5.14.1\gcc_64\lib\cmake\Qt5LinguistTools\"/>
		</Unit>
		<Unit filename="/home/ahmad/Documents/UofG/Semester 2/Real Time Embedded Programming/satRot/Software/SatRot/SatRot_Main/../../../../../../../../../../opt/Qt5.14.1/5.14.1/gcc_64/lib/cmake/Qt5LinguistTools/Qt5LinguistToolsConfigVersion.cmake">
			<Option virtualFolder="CMake Files\..\..\..\..\..\..\..\..\..\..\opt\Qt5.14.1\5.14.1\gcc_64\lib\cmake\Qt5LinguistTools\"/>
		</Unit>
		<Unit filename="/home/ahmad/Documents/UofG/Semester 2/Real Time Embedded Programming/satRot/Software/SatRot/SatRot_Main/../../../../../../../../../../opt/Qt5.14.1/5.14.1/gcc_64/lib/cmake/Qt5LinguistTools/Qt5LinguistToolsMacros.cmake">
			<Option virtualFolder="CMake Files\..\..\..\..\..\..\..\..\..\..\opt\Qt5.14.1\5.14.1\gcc_64\lib\cmake\Qt5LinguistTools\"/>
		</Unit>
	</Project>
</CodeBlocks_project_file>
